<?xml version="1.0" encoding="utf-8"?>
<Project ToolsVersion="4.0" xmlns="http://schemas.microsoft.com/developer/msbuild/2003">
  <ItemGroup>
    <ClCompile Include="..\App.cpp" />
    <ClCompile Include="..\app_main.cpp" />
    <ClCompile Include="..\GlutApp.cpp" />
    <ClCompile Include="..\Rect.cpp" />
    <ClCompile Include="..\windows\image_DXT.c" />
    <ClCompile Include="..\windows\image_helper.c" />
    <ClCompile Include="..\windows\SOIL.c" />
    <ClCompile Include="..\windows\stb_image_aug.c" />
    <ClCompile Include="..\Circle.cpp" />
    <ClCompile Include="..\image_DXT.cpp" />
    <ClCompile Include="..\image_helper.cpp" />
    <ClCompile Include="..\SOIL.cpp" />
    <ClCompile Include="..\stb_image_aug.cpp" />
    <ClCompile Include="..\TexRect.cpp" />
    <ClCompile Include="..\Invader.cpp" />
  </ItemGroup>
  <ItemGroup>
    <ClInclude Include="..\App.h" />
    <ClInclude Include="..\GlutApp.h" />
    <ClInclude Include="..\Rect.h" />
    <ClInclude Include="..\windows\image_DXT.h" />
    <ClInclude Include="..\windows\image_helper.h" />
    <ClInclude Include="..\windows\SOIL.h" />
    <ClInclude Include="..\windows\stbi_DDS_aug.h" />
    <ClInclude Include="..\windows\stbi_DDS_aug_c.h" />
    <ClInclude Include="..\windows\stb_image_aug.h" />
    <ClInclude Include="..\Circle.h" />
    <ClInclude Include="..\image_DXT.h" />
    <ClInclude Include="..\image_helper.h" />
    <ClInclude Include="..\Shape.h" />
    <ClInclude Include="..\SOIL.h" />
    <ClInclude Include="..\stbi_DDS_aug.h" />
    <ClInclude Include="..\stbi_DDS_aug_c.h" />
    <ClInclude Include="..\stb_image_aug.h" />
    <ClInclude Include="..\TexRect.h" />
    <ClInclude Include="..\Invader.h" />
  </ItemGroup>
  <ItemGroup>
    <None Include="..\glutapp" />
    <None Include="..\makefile" />
    <None Include="..\README.md" />
  </ItemGroup>
  <ItemGroup>
    <Image Include="..\invader.png" />
    <Image Include="..\ship.png" />
  </ItemGroup>
</Project>